
Microsoft Visual Studio Solution File, Format Version 12.00
# Visual Studio Version 17
VisualStudioVersion = 17.5.33627.172
MinimumVisualStudioVersion = 10.0.40219.1
Project("{FAE04EC0-301F-11D3-BF4B-00C04F79EFBC}") = "IntroMac", "IntroMac\IntroMac.csproj", "{5E2B266B-F9F1-448D-81DC-BE196BA67169}"
EndProject
Global
	GlobalSection(SolutionConfigurationPlatforms) = preSolution
		Debug|Any CPU = Debug|Any CPU
		Release|Any CPU = Release|Any CPU
	EndGlobalSection
	GlobalSection(ProjectConfigurationPlatforms) = postSolution
		{5E2B266B-F9F1-448D-81DC-BE196BA67169}.Debug|Any CPU.ActiveCfg = Debug|Any CPU
		{5E2B266B-F9F1-448D-81DC-BE196BA67169}.Debug|Any CPU.Build.0 = Debug|Any CPU
		{5E2B266B-F9F1-448D-81DC-BE196BA67169}.Release|Any CPU.ActiveCfg = Release|Any CPU
		{5E2B266B-F9F1-448D-81DC-BE196BA67169}.Release|Any CPU.Build.0 = Release|Any CPU
	EndGlobalSection
	GlobalSection(SolutionProperties) = preSolution
		HideSolutionNode = FALSE
	EndGlobalSection
	GlobalSection(ExtensibilityGlobals) = postSolution
		SolutionGuid = {C969A472-8CD4-428E-9822-971757FDFCE2}
	EndGlobalSection
EndGlobal
